
Microsoft Visual Studio Solution File, Format Version 12.00
# Visual Studio Version 17
VisualStudioVersion = 17.12.35527.113 d17.12
MinimumVisualStudioVersion = 10.0.40219.1
Project("{FAE04EC0-301F-11D3-BF4B-00C04F79EFBC}") = "WinForms-CI-Demo", "WinForms-CI-Demo\WinForms-CI-Demo.csproj", "{D5F67240-19C9-4262-9B00-3BB737C494DB}"
EndProject
Global
	GlobalSection(SolutionConfigurationPlatforms) = preSolution
		Debug|Any CPU = Debug|Any CPU
		Release|Any CPU = Release|Any CPU
	EndGlobalSection
	GlobalSection(ProjectConfigurationPlatforms) = postSolution
		{D5F67240-19C9-4262-9B00-3BB737C494DB}.Debug|Any CPU.ActiveCfg = Debug|Any CPU
		{D5F67240-19C9-4262-9B00-3BB737C494DB}.Debug|Any CPU.Build.0 = Debug|Any CPU
		{D5F67240-19C9-4262-9B00-3BB737C494DB}.Release|Any CPU.ActiveCfg = Release|Any CPU
		{D5F67240-19C9-4262-9B00-3BB737C494DB}.Release|Any CPU.Build.0 = Release|Any CPU
	EndGlobalSection
	GlobalSection(SolutionProperties) = preSolution
		HideSolutionNode = FALSE
	EndGlobalSection
EndGlobal
